
Microsoft Visual Studio Solution File, Format Version 12.00
# Visual Studio Version 17
VisualStudioVersion = 17.0.31912.275
MinimumVisualStudioVersion = 10.0.40219.1
Project("{FAE04EC0-301F-11D3-BF4B-00C04F79EFBC}") = "shlomiWebApp", "shlomiWebApp\shlomiWebApp.csproj", "{05EF5A52-205A-4517-83F9-60DFE06334D2}"
EndProject
Global
	GlobalSection(SolutionConfigurationPlatforms) = preSolution
		Debug|Any CPU = Debug|Any CPU
		Release|Any CPU = Release|Any CPU
	EndGlobalSection
	GlobalSection(ProjectConfigurationPlatforms) = postSolution
		{05EF5A52-205A-4517-83F9-60DFE06334D2}.Debug|Any CPU.ActiveCfg = Debug|Any CPU
		{05EF5A52-205A-4517-83F9-60DFE06334D2}.Debug|Any CPU.Build.0 = Debug|Any CPU
		{05EF5A52-205A-4517-83F9-60DFE06334D2}.Release|Any CPU.ActiveCfg = Release|Any CPU
		{05EF5A52-205A-4517-83F9-60DFE06334D2}.Release|Any CPU.Build.0 = Release|Any CPU
	EndGlobalSection
	GlobalSection(SolutionProperties) = preSolution
		HideSolutionNode = FALSE
	EndGlobalSection
	GlobalSection(ExtensibilityGlobals) = postSolution
		SolutionGuid = {1E888A67-2904-4582-9B2F-BEC95E08799D}
	EndGlobalSection
EndGlobal
